
Microsoft Visual Studio Solution File, Format Version 12.00
# Visual Studio Version 16
VisualStudioVersion = 16.0.30011.22
MinimumVisualStudioVersion = 10.0.40219.1
Project("{FAE04EC0-301F-11D3-BF4B-00C04F79EFBC}") = "CosmosDBExampleInNeo4j", "CosmosDBExampleInNeo4j.csproj", "{7938290F-E41A-454F-8FC4-AE089BD69EE7}"
EndProject
Global
	GlobalSection(SolutionConfigurationPlatforms) = preSolution
		Debug|Any CPU = Debug|Any CPU
		Release|Any CPU = Release|Any CPU
	EndGlobalSection
	GlobalSection(ProjectConfigurationPlatforms) = postSolution
		{7938290F-E41A-454F-8FC4-AE089BD69EE7}.Debug|Any CPU.ActiveCfg = Debug|Any CPU
		{7938290F-E41A-454F-8FC4-AE089BD69EE7}.Debug|Any CPU.Build.0 = Debug|Any CPU
		{7938290F-E41A-454F-8FC4-AE089BD69EE7}.Release|Any CPU.ActiveCfg = Release|Any CPU
		{7938290F-E41A-454F-8FC4-AE089BD69EE7}.Release|Any CPU.Build.0 = Release|Any CPU
	EndGlobalSection
	GlobalSection(SolutionProperties) = preSolution
		HideSolutionNode = FALSE
	EndGlobalSection
	GlobalSection(ExtensibilityGlobals) = postSolution
		SolutionGuid = {BC663340-B189-414F-A72F-FDDC5E93AD2A}
	EndGlobalSection
EndGlobal
